
Microsoft Visual Studio Solution File, Format Version 12.00
# Visual Studio Version 16
VisualStudioVersion = 16.0.30503.244
MinimumVisualStudioVersion = 10.0.40219.1
Project("{FAE04EC0-301F-11D3-BF4B-00C04F79EFBC}") = "Aula-Git", "Aula-Git\Aula-Git.csproj", "{9067F653-453E-44A7-BBD0-904E98641D7B}"
EndProject
Global
	GlobalSection(SolutionConfigurationPlatforms) = preSolution
		Debug|Any CPU = Debug|Any CPU
		Release|Any CPU = Release|Any CPU
	EndGlobalSection
	GlobalSection(ProjectConfigurationPlatforms) = postSolution
		{9067F653-453E-44A7-BBD0-904E98641D7B}.Debug|Any CPU.ActiveCfg = Debug|Any CPU
		{9067F653-453E-44A7-BBD0-904E98641D7B}.Debug|Any CPU.Build.0 = Debug|Any CPU
		{9067F653-453E-44A7-BBD0-904E98641D7B}.Release|Any CPU.ActiveCfg = Release|Any CPU
		{9067F653-453E-44A7-BBD0-904E98641D7B}.Release|Any CPU.Build.0 = Release|Any CPU
	EndGlobalSection
	GlobalSection(SolutionProperties) = preSolution
		HideSolutionNode = FALSE
	EndGlobalSection
	GlobalSection(ExtensibilityGlobals) = postSolution
		SolutionGuid = {2FD6355F-25CB-4588-9DB8-1F2F61BCD57F}
	EndGlobalSection
EndGlobal
